// !$*UTF8*$!
{
	archiveVersion = 1;
	classes = {
	};
	objectVersion = 50;
	objects = {

/* Begin PBXBuildFile section */
		DD118554212E32A7005BC925 /* AppDelegate.swift in Sources */ = {isa = PBXBuildFile; fileRef = DD118553212E32A7005BC925 /* AppDelegate.swift */; };
		DD118556212E32A7005BC925 /* ViewController.swift in Sources */ = {isa = PBXBuildFile; fileRef = DD118555212E32A7005BC925 /* ViewController.swift */; };
		DD118559212E32A7005BC925 /* Main.storyboard in Resources */ = {isa = PBXBuildFile; fileRef = DD118557212E32A7005BC925 /* Main.storyboard */; };
		DD11855B212E32AB005BC925 /* Assets.xcassets in Resources */ = {isa = PBXBuildFile; fileRef = DD11855A212E32AB005BC925 /* Assets.xcassets */; };
		DD11855E212E32AB005BC925 /* LaunchScreen.storyboard in Resources */ = {isa = PBXBuildFile; fileRef = DD11855C212E32AB005BC925 /* LaunchScreen.storyboard */; };
		DD118566212E36BC005BC925 /* productDatabase.plist in Resources */ = {isa = PBXBuildFile; fileRef = DD118565212E36BC005BC925 /* productDatabase.plist */; };
		DDCA9A382130999200364BDC /* DictationSearchBar.swift in Sources */ = {isa = PBXBuildFile; fileRef = DDCA9A372130999200364BDC /* DictationSearchBar.swift */; };
		DDCA9A3A2131077500364BDC /* ProductModel.swift in Sources */ = {isa = PBXBuildFile; fileRef = DDCA9A392131077500364BDC /* ProductModel.swift */; };
		DDD559B42131A911005F70B8 /* GradientView.swift in Sources */ = {isa = PBXBuildFile; fileRef = DDD559B32131A911005F70B8 /* GradientView.swift */; };
		DDD559B62131BE75005F70B8 /* GoogleNLP.swift in Sources */ = {isa = PBXBuildFile; fileRef = DDD559B52131BE75005F70B8 /* GoogleNLP.swift */; };
		DDD559B82131C004005F70B8 /* AppleNLP.swift in Sources */ = {isa = PBXBuildFile; fileRef = DDD559B72131C004005F70B8 /* AppleNLP.swift */; };
		DDD559BC2131EC09005F70B8 /* GoogleAPI.swift in Sources */ = {isa = PBXBuildFile; fileRef = DDD559BB2131EC09005F70B8 /* GoogleAPI.swift */; };
/* End PBXBuildFile section */

/* Begin PBXFileReference section */
		DD118550212E32A7005BC925 /* NLP.app */ = {isa = PBXFileReference; explicitFileType = wrapper.application; includeInIndex = 0; path = NLP.app; sourceTree = BUILT_PRODUCTS_DIR; };
		DD118553212E32A7005BC925 /* AppDelegate.swift */ = {isa = PBXFileReference; lastKnownFileType = sourcecode.swift; path = AppDelegate.swift; sourceTree = "<group>"; };
		DD118555212E32A7005BC925 /* ViewController.swift */ = {isa = PBXFileReference; lastKnownFileType = sourcecode.swift; path = ViewController.swift; sourceTree = "<group>"; };
		DD118558212E32A7005BC925 /* Base */ = {isa = PBXFileReference; lastKnownFileType = file.storyboard; name = Base; path = Base.lproj/Main.storyboard; sourceTree = "<group>"; };
		DD11855A212E32AB005BC925 /* Assets.xcassets */ = {isa = PBXFileReference; lastKnownFileType = folder.assetcatalog; path = Assets.xcassets; sourceTree = "<group>"; };
		DD11855D212E32AB005BC925 /* Base */ = {isa = PBXFileReference; lastKnownFileType = file.storyboard; name = Base; path = Base.lproj/LaunchScreen.storyboard; sourceTree = "<group>"; };
		DD11855F212E32AB005BC925 /* Info.plist */ = {isa = PBXFileReference; lastKnownFileType = text.plist.xml; path = Info.plist; sourceTree = "<group>"; };
		DD118565212E36BC005BC925 /* productDatabase.plist */ = {isa = PBXFileReference; fileEncoding = 4; lastKnownFileType = text.plist.xml; path = productDatabase.plist; sourceTree = "<group>"; };
		DDCA9A372130999200364BDC /* DictationSearchBar.swift */ = {isa = PBXFileReference; lastKnownFileType = sourcecode.swift; path = DictationSearchBar.swift; sourceTree = "<group>"; };
		DDCA9A392131077500364BDC /* ProductModel.swift */ = {isa = PBXFileReference; lastKnownFileType = sourcecode.swift; path = ProductModel.swift; sourceTree = "<group>"; };
		DDD559B32131A911005F70B8 /* GradientView.swift */ = {isa = PBXFileReference; lastKnownFileType = sourcecode.swift; path = GradientView.swift; sourceTree = "<group>"; };
		DDD559B52131BE75005F70B8 /* GoogleNLP.swift */ = {isa = PBXFileReference; lastKnownFileType = sourcecode.swift; path = GoogleNLP.swift; sourceTree = "<group>"; };
		DDD559B72131C004005F70B8 /* AppleNLP.swift */ = {isa = PBXFileReference; lastKnownFileType = sourcecode.swift; path = AppleNLP.swift; sourceTree = "<group>"; };
		DDD559BB2131EC09005F70B8 /* GoogleAPI.swift */ = {isa = PBXFileReference; lastKnownFileType = sourcecode.swift; path = GoogleAPI.swift; sourceTree = "<group>"; };
/* End PBXFileReference section */

/* Begin PBXFrameworksBuildPhase section */
		DD11854D212E32A7005BC925 /* Frameworks */ = {
			isa = PBXFrameworksBuildPhase;
			buildActionMask = 2147483647;
			files = (
			);
			runOnlyForDeploymentPostprocessing = 0;
		};
/* End PBXFrameworksBuildPhase section */

/* Begin PBXGroup section */
		DD118547212E32A7005BC925 = {
			isa = PBXGroup;
			children = (
				DD118552212E32A7005BC925 /* NLP */,
				DD118551212E32A7005BC925 /* Products */,
			);
			sourceTree = "<group>";
		};
		DD118551212E32A7005BC925 /* Products */ = {
			isa = PBXGroup;
			children = (
				DD118550212E32A7005BC925 /* NLP.app */,
			);
			name = Products;
			sourceTree = "<group>";
		};
		DD118552212E32A7005BC925 /* NLP */ = {
			isa = PBXGroup;
			children = (
				DDD559BD21320561005F70B8 /* NLP_APIs */,
				DD118553212E32A7005BC925 /* AppDelegate.swift */,
				DD118555212E32A7005BC925 /* ViewController.swift */,
				DDCA9A372130999200364BDC /* DictationSearchBar.swift */,
				DDCA9A392131077500364BDC /* ProductModel.swift */,
				DDD559B32131A911005F70B8 /* GradientView.swift */,
				DD118557212E32A7005BC925 /* Main.storyboard */,
				DD118565212E36BC005BC925 /* productDatabase.plist */,
				DD11855A212E32AB005BC925 /* Assets.xcassets */,
				DD11855C212E32AB005BC925 /* LaunchScreen.storyboard */,
				DD11855F212E32AB005BC925 /* Info.plist */,
			);
			path = NLP;
			sourceTree = "<group>";
		};
		DDD559BD21320561005F70B8 /* NLP_APIs */ = {
			isa = PBXGroup;
			children = (
				DDD559B52131BE75005F70B8 /* GoogleNLP.swift */,
				DDD559BB2131EC09005F70B8 /* GoogleAPI.swift */,
				DDD559B72131C004005F70B8 /* AppleNLP.swift */,
			);
			path = NLP_APIs;
			sourceTree = "<group>";
		};
/* End PBXGroup section */

/* Begin PBXNativeTarget section */
		DD11854F212E32A7005BC925 /* NLP */ = {
			isa = PBXNativeTarget;
			buildConfigurationList = DD118562212E32AB005BC925 /* Build configuration list for PBXNativeTarget "NLP" */;
			buildPhases = (
				DD11854C212E32A7005BC925 /* Sources */,
				DD11854D212E32A7005BC925 /* Frameworks */,
				DD11854E212E32A7005BC925 /* Resources */,
			);
			buildRules = (
			);
			dependencies = (
			);
			name = NLP;
			productName = NLP;
			productReference = DD118550212E32A7005BC925 /* NLP.app */;
			productType = "com.apple.product-type.application";
		};
/* End PBXNativeTarget section */

/* Begin PBXProject section */
		DD118548212E32A7005BC925 /* Project object */ = {
			isa = PBXProject;
			attributes = {
				LastSwiftUpdateCheck = 0940;
				LastUpgradeCheck = 0940;
				ORGANIZATIONNAME = "Arturo Reyes";
				TargetAttributes = {
					DD11854F212E32A7005BC925 = {
						CreatedOnToolsVersion = 9.4.1;
					};
				};
			};
			buildConfigurationList = DD11854B212E32A7005BC925 /* Build configuration list for PBXProject "NLP" */;
			compatibilityVersion = "Xcode 9.3";
			developmentRegion = en;
			hasScannedForEncodings = 0;
			knownRegions = (
				en,
				Base,
			);
			mainGroup = DD118547212E32A7005BC925;
			productRefGroup = DD118551212E32A7005BC925 /* Products */;
			projectDirPath = "";
			projectRoot = "";
			targets = (
				DD11854F212E32A7005BC925 /* NLP */,
			);
		};
/* End PBXProject section */

/* Begin PBXResourcesBuildPhase section */
		DD11854E212E32A7005BC925 /* Resources */ = {
			isa = PBXResourcesBuildPhase;
			buildActionMask = 2147483647;
			files = (
				DD11855E212E32AB005BC925 /* LaunchScreen.storyboard in Resources */,
				DD118566212E36BC005BC925 /* productDatabase.plist in Resources */,
				DD11855B212E32AB005BC925 /* Assets.xcassets in Resources */,
				DD118559212E32A7005BC925 /* Main.storyboard in Resources */,
			);
			runOnlyForDeploymentPostprocessing = 0;
		};
/* End PBXResourcesBuildPhase section */

/* Begin PBXSourcesBuildPhase section */
		DD11854C212E32A7005BC925 /* Sources */ = {
			isa = PBXSourcesBuildPhase;
			buildActionMask = 2147483647;
			files = (
				DD118556212E32A7005BC925 /* ViewController.swift in Sources */,
				DDCA9A382130999200364BDC /* DictationSearchBar.swift in Sources */,
				DDD559BC2131EC09005F70B8 /* GoogleAPI.swift in Sources */,
				DDD559B82131C004005F70B8 /* AppleNLP.swift in Sources */,
				DDD559B42131A911005F70B8 /* GradientView.swift in Sources */,
				DD118554212E32A7005BC925 /* AppDelegate.swift in Sources */,
				DDCA9A3A2131077500364BDC /* ProductModel.swift in Sources */,
				DDD559B62131BE75005F70B8 /* GoogleNLP.swift in Sources */,
			);
			runOnlyForDeploymentPostprocessing = 0;
		};
/* End PBXSourcesBuildPhase section */

/* Begin PBXVariantGroup section */
		DD118557212E32A7005BC925 /* Main.storyboard */ = {
			isa = PBXVariantGroup;
			children = (
				DD118558212E32A7005BC925 /* Base */,
			);
			name = Main.storyboard;
			sourceTree = "<group>";
		};
		DD11855C212E32AB005BC925 /* LaunchScreen.storyboard */ = {
			isa = PBXVariantGroup;
			children = (
				DD11855D212E32AB005BC925 /* Base */,
			);
			name = LaunchScreen.storyboard;
			sourceTree = "<group>";
		};
/* End PBXVariantGroup section */

/* Begin XCBuildConfiguration section */
		DD118560212E32AB005BC925 /* Debug */ = {
			isa = XCBuildConfiguration;
			buildSettings = {
				ALWAYS_SEARCH_USER_PATHS = NO;
				CLANG_ANALYZER_NONNULL = YES;
				CLANG_ANALYZER_NUMBER_OBJECT_CONVERSION = YES_AGGRESSIVE;
				CLANG_CXX_LANGUAGE_STANDARD = "gnu++14";
				CLANG_CXX_LIBRARY = "libc++";
				CLANG_ENABLE_MODULES = YES;
				CLANG_ENABLE_OBJC_ARC = YES;
				CLANG_ENABLE_OBJC_WEAK = YES;
				CLANG_WARN_BLOCK_CAPTURE_AUTORELEASING = YES;
				CLANG_WARN_BOOL_CONVERSION = YES;
				CLANG_WARN_COMMA = YES;
				CLANG_WARN_CONSTANT_CONVERSION = YES;
				CLANG_WARN_DEPRECATED_OBJC_IMPLEMENTATIONS = YES;
				CLANG_WARN_DIRECT_OBJC_ISA_USAGE = YES_ERROR;
				CLANG_WARN_DOCUMENTATION_COMMENTS = YES;
				CLANG_WARN_EMPTY_BODY = YES;
				CLANG_WARN_ENUM_CONVERSION = YES;
				CLANG_WARN_INFINITE_RECURSION = YES;
				CLANG_WARN_INT_CONVERSION = YES;
				CLANG_WARN_NON_LITERAL_NULL_CONVERSION = YES;
				CLANG_WARN_OBJC_IMPLICIT_RETAIN_SELF = YES;
				CLANG_WARN_OBJC_LITERAL_CONVERSION = YES;
				CLANG_WARN_OBJC_ROOT_CLASS = YES_ERROR;
				CLANG_WARN_RANGE_LOOP_ANALYSIS = YES;
				CLANG_WARN_STRICT_PROTOTYPES = YES;
				CLANG_WARN_SUSPICIOUS_MOVE = YES;
				CLANG_WARN_UNGUARDED_AVAILABILITY = YES_AGGRESSIVE;
				CLANG_WARN_UNREACHABLE_CODE = YES;
				CLANG_WARN__DUPLICATE_METHOD_MATCH = YES;
				CODE_SIGN_IDENTITY = "iPhone Developer";
				COPY_PHASE_STRIP = NO;
				DEBUG_INFORMATION_FORMAT = dwarf;
				ENABLE_STRICT_OBJC_MSGSEND = YES;
				ENABLE_TESTABILITY = YES;
				GCC_C_LANGUAGE_STANDARD = gnu11;
				GCC_DYNAMIC_NO_PIC = NO;
				GCC_NO_COMMON_BLOCKS = YES;
				GCC_OPTIMIZATION_LEVEL = 0;
				GCC_PREPROCESSOR_DEFINITIONS = (
					"DEBUG=1",
					"$(inherited)",
				);
				GCC_WARN_64_TO_32_BIT_CONVERSION = YES;
				GCC_WARN_ABOUT_RETURN_TYPE = YES_ERROR;
				GCC_WARN_UNDECLARED_SELECTOR = YES;
				GCC_WARN_UNINITIALIZED_AUTOS = YES_AGGRESSIVE;
				GCC_WARN_UNUSED_FUNCTION = YES;
				GCC_WARN_UNUSED_VARIABLE = YES;
				IPHONEOS_DEPLOYMENT_TARGET = 11.4;
				MTL_ENABLE_DEBUG_INFO = YES;
				ONLY_ACTIVE_ARCH = YES;
				SDKROOT = iphoneos;
				SWIFT_ACTIVE_COMPILATION_CONDITIONS = DEBUG;
				SWIFT_OPTIMIZATION_LEVEL = "-Onone";
			};
			name = Debug;
		};
		DD118561212E32AB005BC925 /* Release */ = {
			isa = XCBuildConfiguration;
			buildSettings = {
				ALWAYS_SEARCH_USER_PATHS = NO;
				CLANG_ANALYZER_NONNULL = YES;
				CLANG_ANALYZER_NUMBER_OBJECT_CONVERSION = YES_AGGRESSIVE;
				CLANG_CXX_LANGUAGE_STANDARD = "gnu++14";
				CLANG_CXX_LIBRARY = "libc++";
				CLANG_ENABLE_MODULES = YES;
				CLANG_ENABLE_OBJC_ARC = YES;
				CLANG_ENABLE_OBJC_WEAK = YES;
				CLANG_WARN_BLOCK_CAPTURE_AUTORELEASING = YES;
				CLANG_WARN_BOOL_CONVERSION = YES;
				CLANG_WARN_COMMA = YES;
				CLANG_WARN_CONSTANT_CONVERSION = YES;
				CLANG_WARN_DEPRECATED_OBJC_IMPLEMENTATIONS = YES;
				CLANG_WARN_DIRECT_OBJC_ISA_USAGE = YES_ERROR;
				CLANG_WARN_DOCUMENTATION_COMMENTS = YES;
				CLANG_WARN_EMPTY_BODY = YES;
				CLANG_WARN_ENUM_CONVERSION = YES;
				CLANG_WARN_INFINITE_RECURSION = YES;
				CLANG_WARN_INT_CONVERSION = YES;
				CLANG_WARN_NON_LITERAL_NULL_CONVERSION = YES;
				CLANG_WARN_OBJC_IMPLICIT_RETAIN_SELF = YES;
				CLANG_WARN_OBJC_LITERAL_CONVERSION = YES;
				CLANG_WARN_OBJC_ROOT_CLASS = YES_ERROR;
				CLANG_WARN_RANGE_LOOP_ANALYSIS = YES;
				CLANG_WARN_STRICT_PROTOTYPES = YES;
				CLANG_WARN_SUSPICIOUS_MOVE = YES;
				CLANG_WARN_UNGUARDED_AVAILABILITY = YES_AGGRESSIVE;
				CLANG_WARN_UNREACHABLE_CODE = YES;
				CLANG_WARN__DUPLICATE_METHOD_MATCH = YES;
				CODE_SIGN_IDENTITY = "iPhone Developer";
				COPY_PHASE_STRIP = NO;
				DEBUG_INFORMATION_FORMAT = "dwarf-with-dsym";
				ENABLE_NS_ASSERTIONS = NO;
				ENABLE_STRICT_OBJC_MSGSEND = YES;
				GCC_C_LANGUAGE_STANDARD = gnu11;
				GCC_NO_COMMON_BLOCKS = YES;
				GCC_WARN_64_TO_32_BIT_CONVERSION = YES;
				GCC_WARN_ABOUT_RETURN_TYPE = YES_ERROR;
				GCC_WARN_UNDECLARED_SELECTOR = YES;
				GCC_WARN_UNINITIALIZED_AUTOS = YES_AGGRESSIVE;
				GCC_WARN_UNUSED_FUNCTION = YES;
				GCC_WARN_UNUSED_VARIABLE = YES;
				IPHONEOS_DEPLOYMENT_TARGET = 11.4;
				MTL_ENABLE_DEBUG_INFO = NO;
				SDKROOT = iphoneos;
				SWIFT_COMPILATION_MODE = wholemodule;
				SWIFT_OPTIMIZATION_LEVEL = "-O";
				VALIDATE_PRODUCT = YES;
			};
			name = Release;
		};
		DD118563212E32AB005BC925 /* Debug */ = {
			isa = XCBuildConfiguration;
			buildSettings = {
				ASSETCATALOG_COMPILER_APPICON_NAME = AppIcon;
				CODE_SIGN_STYLE = Automatic;
				DEVELOPMENT_TEAM = L49JS5X5VY;
				INFOPLIST_FILE = NLP/Info.plist;
				LD_RUNPATH_SEARCH_PATHS = (
					"$(inherited)",
					"@executable_path/Frameworks",
				);
				PRODUCT_BUNDLE_IDENTIFIER = arturoreyes.NLP;
				PRODUCT_NAME = "$(TARGET_NAME)";
				SWIFT_VERSION = 4.0;
				TARGETED_DEVICE_FAMILY = "1,2";
			};
			name = Debug;
		};
		DD118564212E32AB005BC925 /* Release */ = {
			isa = XCBuildConfiguration;
			buildSettings = {
				ASSETCATALOG_COMPILER_APPICON_NAME = AppIcon;
				CODE_SIGN_STYLE = Automatic;
				DEVELOPMENT_TEAM = L49JS5X5VY;
				INFOPLIST_FILE = NLP/Info.plist;
				LD_RUNPATH_SEARCH_PATHS = (
					"$(inherited)",
					"@executable_path/Frameworks",
				);
				PRODUCT_BUNDLE_IDENTIFIER = arturoreyes.NLP;
				PRODUCT_NAME = "$(TARGET_NAME)";
				SWIFT_VERSION = 4.0;
				TARGETED_DEVICE_FAMILY = "1,2";
			};
			name = Release;
		};
/* End XCBuildConfiguration section */

/* Begin XCConfigurationList section */
		DD11854B212E32A7005BC925 /* Build configuration list for PBXProject "NLP" */ = {
			isa = XCConfigurationList;
			buildConfigurations = (
				DD118560212E32AB005BC925 /* Debug */,
				DD118561212E32AB005BC925 /* Release */,
			);
			defaultConfigurationIsVisible = 0;
			defaultConfigurationName = Release;
		};
		DD118562212E32AB005BC925 /* Build configuration list for PBXNativeTarget "NLP" */ = {
			isa = XCConfigurationList;
			buildConfigurations = (
				DD118563212E32AB005BC925 /* Debug */,
				DD118564212E32AB005BC925 /* Release */,
			);
			defaultConfigurationIsVisible = 0;
			defaultConfigurationName = Release;
		};
/* End XCConfigurationList section */
	};
	rootObject = DD118548212E32A7005BC925 /* Project object */;
}
